# generated by rye
# use `rye lock` or `rye sync` to update this lockfile
#
# last locked with the following flags:
#   pre: false
#   features: []
#   all-features: false
#   with-sources: false
#   generate-hashes: false
#   universal: false

-e file:.
appdirs==1.4.4
    # via tsbrowse
    # via tseda
asciitree==0.3.3
    # via zarr
attrs==24.2.0
    # via jsonschema
    # via referencing
bleach==6.1.0
    # via panel
bokeh==3.4.3
    # via geoviews
    # via holoviews
    # via hvplot
    # via panel
cartopy==0.23.0
    # via geoviews
    # via tseda
certifi==2024.7.4
    # via pyogrio
    # via pyproj
    # via requests
charset-normalizer==3.3.2
    # via requests
click==8.1.7
    # via dask
    # via tsbrowse
    # via tseda
cloudpickle==3.0.0
    # via dask
colorcet==3.1.0
    # via datashader
    # via holoviews
    # via hvplot
contourpy==1.2.1
    # via bokeh
    # via matplotlib
cycler==0.12.1
    # via matplotlib
daiquiri==3.2.5.1
    # via tsbrowse
    # via tseda
dask==2024.8.1
    # via dask-expr
    # via datashader
    # via tseda
dask-expr==1.1.11
    # via dask
datashader==0.16.3
    # via tsbrowse
diskcache==5.6.3
    # via tsbrowse
    # via tseda
fasteners==0.19
    # via zarr
fonttools==4.53.1
    # via matplotlib
fsspec==2024.6.1
    # via dask
geopandas==1.0.1
    # via tseda
geoviews==1.12.0
    # via tseda
holoviews==1.19.1
    # via geoviews
    # via hvplot
    # via tseda
humanize==4.10.0
    # via tszip
hvplot==0.10.0
    # via tsbrowse
    # via tseda
idna==3.7
    # via requests
jinja2==3.1.4
    # via bokeh
jsonschema==4.23.0
    # via tskit
jsonschema-specifications==2023.12.1
    # via jsonschema
kiwisolver==1.4.5
    # via matplotlib
linkify-it-py==2.0.3
    # via panel
llvmlite==0.43.0
    # via numba
locket==1.0.0
    # via partd
markdown==3.7
    # via panel
markdown-it-py==3.0.0
    # via mdit-py-plugins
    # via panel
markupsafe==2.1.5
    # via jinja2
matplotlib==3.9.2
    # via cartopy
mdit-py-plugins==0.4.1
    # via panel
mdurl==0.1.2
    # via markdown-it-py
multipledispatch==1.0.0
    # via datashader
numba==0.60.0
    # via datashader
    # via tseda
numcodecs==0.13.0
    # via tszip
    # via zarr
numpy==2.0.1
    # via bokeh
    # via cartopy
    # via contourpy
    # via dask
    # via datashader
    # via geopandas
    # via geoviews
    # via holoviews
    # via hvplot
    # via matplotlib
    # via numba
    # via numcodecs
    # via pandas
    # via pyarrow
    # via pyogrio
    # via scipy
    # via shapely
    # via tskit
    # via tszip
    # via xarray
    # via zarr
packaging==24.1
    # via bokeh
    # via cartopy
    # via dask
    # via datashader
    # via geopandas
    # via geoviews
    # via holoviews
    # via hvplot
    # via matplotlib
    # via pyogrio
    # via xarray
pandas==2.2.2
    # via bokeh
    # via dask
    # via dask-expr
    # via datashader
    # via geopandas
    # via holoviews
    # via hvplot
    # via panel
    # via xarray
panel==1.4.5
    # via geoviews
    # via holoviews
    # via hvplot
    # via tsbrowse
    # via tseda
param==2.1.1
    # via datashader
    # via geoviews
    # via holoviews
    # via hvplot
    # via panel
    # via pyct
    # via pyviz-comms
partd==1.4.2
    # via dask
pillow==10.4.0
    # via bokeh
    # via datashader
    # via matplotlib
pyarrow==17.0.0
    # via dask-expr
pyct==0.5.0
    # via datashader
pyogrio==0.9.0
    # via geopandas
pyparsing==3.1.2
    # via matplotlib
pyproj==3.6.1
    # via cartopy
    # via geopandas
    # via geoviews
pyshp==2.3.1
    # via cartopy
python-dateutil==2.9.0.post0
    # via matplotlib
    # via pandas
python-json-logger==2.0.7
    # via daiquiri
pytz==2024.1
    # via pandas
pyviz-comms==3.0.3
    # via holoviews
    # via panel
pyyaml==6.0.2
    # via bokeh
    # via dask
referencing==0.35.1
    # via jsonschema
    # via jsonschema-specifications
requests==2.32.3
    # via datashader
    # via panel
rpds-py==0.20.0
    # via jsonschema
    # via referencing
scipy==1.14.1
    # via datashader
shapely==2.0.6
    # via cartopy
    # via geopandas
    # via geoviews
six==1.16.0
    # via bleach
    # via python-dateutil
svgwrite==1.4.3
    # via tskit
toolz==0.12.1
    # via dask
    # via datashader
    # via partd
tornado==6.4.1
    # via bokeh
tqdm==4.66.5
    # via panel
tsbrowse @ git+https://github.com/tskit-dev/tsbrowse@de1eb0e7f110a72e37d310b560c08d2b7ebd36cd
    # via tseda
tskit==0.5.8
    # via tsbrowse
    # via tseda
    # via tszip
tszip==0.2.5
    # via tsbrowse
    # via tseda
typing-extensions==4.12.2
    # via panel
tzdata==2024.1
    # via pandas
uc-micro-py==1.0.3
    # via linkify-it-py
urllib3==2.2.2
    # via requests
webencodings==0.5.1
    # via bleach
xarray==2024.7.0
    # via datashader
xyzservices==2024.6.0
    # via bokeh
    # via geoviews
    # via panel
    # via tseda
zarr==2.18.2
    # via tszip
